// !$*UTF8*$!
{
	archiveVersion = 1;
	classes = {
	};
	objectVersion = 77;
	objects = {

/* Begin PBXBuildFile section */
		A70551C32F19004E00A45A21 /* CoreNetworking in Frameworks */ = {isa = PBXBuildFile; productRef = A70551C22F19004E00A45A21 /* CoreNetworking */; };
		A72207DC2F238294006B67B6 /* FeatureAuthentication in Frameworks */ = {isa = PBXBuildFile; productRef = A72207DB2F238294006B67B6 /* FeatureAuthentication */; };
/* End PBXBuildFile section */

/* Begin PBXContainerItemProxy section */
		A7649A802F17BC7500305512 /* PBXContainerItemProxy */ = {
			isa = PBXContainerItemProxy;
			containerPortal = A7649A612F17BC7400305512 /* Project object */;
			proxyType = 1;
			remoteGlobalIDString = A7649A682F17BC7400305512;
			remoteInfo = EnterpriseApp;
		};
		A7649A8A2F17BC7500305512 /* PBXContainerItemProxy */ = {
			isa = PBXContainerItemProxy;
			containerPortal = A7649A612F17BC7400305512 /* Project object */;
			proxyType = 1;
			remoteGlobalIDString = A7649A682F17BC7400305512;
			remoteInfo = EnterpriseApp;
		};
/* End PBXContainerItemProxy section */

/* Begin PBXFileReference section */
		A7649A692F17BC7400305512 /* EnterpriseApp.app */ = {isa = PBXFileReference; explicitFileType = wrapper.application; includeInIndex = 0; path = EnterpriseApp.app; sourceTree = BUILT_PRODUCTS_DIR; };
		A7649A7F2F17BC7500305512 /* EnterpriseAppTests.xctest */ = {isa = PBXFileReference; explicitFileType = wrapper.cfbundle; includeInIndex = 0; path = EnterpriseAppTests.xctest; sourceTree = BUILT_PRODUCTS_DIR; };
		A7649A892F17BC7500305512 /* EnterpriseAppUITests.xctest */ = {isa = PBXFileReference; explicitFileType = wrapper.cfbundle; includeInIndex = 0; path = EnterpriseAppUITests.xctest; sourceTree = BUILT_PRODUCTS_DIR; };
/* End PBXFileReference section */

/* Begin PBXFileSystemSynchronizedBuildFileExceptionSet section */
		A7649A912F17BC7500305512 /* Exceptions for "EnterpriseApp" folder in "EnterpriseApp" target */ = {
			isa = PBXFileSystemSynchronizedBuildFileExceptionSet;
			membershipExceptions = (
				Info.plist,
			);
			target = A7649A682F17BC7400305512 /* EnterpriseApp */;
		};
/* End PBXFileSystemSynchronizedBuildFileExceptionSet section */

/* Begin PBXFileSystemSynchronizedRootGroup section */
		A7649A6B2F17BC7400305512 /* EnterpriseApp */ = {
			isa = PBXFileSystemSynchronizedRootGroup;
			exceptions = (
				A7649A912F17BC7500305512 /* Exceptions for "EnterpriseApp" folder in "EnterpriseApp" target */,
			);
			path = EnterpriseApp;
			sourceTree = "<group>";
		};
		A7649A822F17BC7500305512 /* EnterpriseAppTests */ = {
			isa = PBXFileSystemSynchronizedRootGroup;
			path = EnterpriseAppTests;
			sourceTree = "<group>";
		};
		A7649A8C2F17BC7500305512 /* EnterpriseAppUITests */ = {
			isa = PBXFileSystemSynchronizedRootGroup;
			path = EnterpriseAppUITests;
			sourceTree = "<group>";
		};
/* End PBXFileSystemSynchronizedRootGroup section */

/* Begin PBXFrameworksBuildPhase section */
		A7649A662F17BC7400305512 /* Frameworks */ = {
			isa = PBXFrameworksBuildPhase;
			buildActionMask = 2147483647;
			files = (
				A70551C32F19004E00A45A21 /* CoreNetworking in Frameworks */,
				A72207DC2F238294006B67B6 /* FeatureAuthentication in Frameworks */,
			);
			runOnlyForDeploymentPostprocessing = 0;
		};
		A7649A7C2F17BC7500305512 /* Frameworks */ = {
			isa = PBXFrameworksBuildPhase;
			buildActionMask = 2147483647;
			files = (
			);
			runOnlyForDeploymentPostprocessing = 0;
		};
		A7649A862F17BC7500305512 /* Frameworks */ = {
			isa = PBXFrameworksBuildPhase;
			buildActionMask = 2147483647;
			files = (
			);
			runOnlyForDeploymentPostprocessing = 0;
		};
/* End PBXFrameworksBuildPhase section */

/* Begin PBXGroup section */
		A7649A602F17BC7400305512 = {
			isa = PBXGroup;
			children = (
				A7649A6B2F17BC7400305512 /* EnterpriseApp */,
				A7649A822F17BC7500305512 /* EnterpriseAppTests */,
				A7649A8C2F17BC7500305512 /* EnterpriseAppUITests */,
				A7649A6A2F17BC7400305512 /* Products */,
			);
			sourceTree = "<group>";
		};
		A7649A6A2F17BC7400305512 /* Products */ = {
			isa = PBXGroup;
			children = (
				A7649A692F17BC7400305512 /* EnterpriseApp.app */,
				A7649A7F2F17BC7500305512 /* EnterpriseAppTests.xctest */,
				A7649A892F17BC7500305512 /* EnterpriseAppUITests.xctest */,
			);
			name = Products;
			sourceTree = "<group>";
		};
/* End PBXGroup section */

/* Begin PBXNativeTarget section */
		A7649A682F17BC7400305512 /* EnterpriseApp */ = {
			isa = PBXNativeTarget;
			buildConfigurationList = A7649A922F17BC7500305512 /* Build configuration list for PBXNativeTarget "EnterpriseApp" */;
			buildPhases = (
				A7649A652F17BC7400305512 /* Sources */,
				A7649A662F17BC7400305512 /* Frameworks */,
				A7649A672F17BC7400305512 /* Resources */,
			);
			buildRules = (
			);
			dependencies = (
			);
			fileSystemSynchronizedGroups = (
				A7649A6B2F17BC7400305512 /* EnterpriseApp */,
			);
			name = EnterpriseApp;
			packageProductDependencies = (
				A70551C22F19004E00A45A21 /* CoreNetworking */,
				A72207DB2F238294006B67B6 /* FeatureAuthentication */,
			);
			productName = EnterpriseApp;
			productReference = A7649A692F17BC7400305512 /* EnterpriseApp.app */;
			productType = "com.apple.product-type.application";
		};
		A7649A7E2F17BC7500305512 /* EnterpriseAppTests */ = {
			isa = PBXNativeTarget;
			buildConfigurationList = A7649A972F17BC7500305512 /* Build configuration list for PBXNativeTarget "EnterpriseAppTests" */;
			buildPhases = (
				A7649A7B2F17BC7500305512 /* Sources */,
				A7649A7C2F17BC7500305512 /* Frameworks */,
				A7649A7D2F17BC7500305512 /* Resources */,
			);
			buildRules = (
			);
			dependencies = (
				A7649A812F17BC7500305512 /* PBXTargetDependency */,
			);
			fileSystemSynchronizedGroups = (
				A7649A822F17BC7500305512 /* EnterpriseAppTests */,
			);
			name = EnterpriseAppTests;
			packageProductDependencies = (
			);
			productName = EnterpriseAppTests;
			productReference = A7649A7F2F17BC7500305512 /* EnterpriseAppTests.xctest */;
			productType = "com.apple.product-type.bundle.unit-test";
		};
		A7649A882F17BC7500305512 /* EnterpriseAppUITests */ = {
			isa = PBXNativeTarget;
			buildConfigurationList = A7649A9A2F17BC7500305512 /* Build configuration list for PBXNativeTarget "EnterpriseAppUITests" */;
			buildPhases = (
				A7649A852F17BC7500305512 /* Sources */,
				A7649A862F17BC7500305512 /* Frameworks */,
				A7649A872F17BC7500305512 /* Resources */,
			);
			buildRules = (
			);
			dependencies = (
				A7649A8B2F17BC7500305512 /* PBXTargetDependency */,
			);
			fileSystemSynchronizedGroups = (
				A7649A8C2F17BC7500305512 /* EnterpriseAppUITests */,
			);
			name = EnterpriseAppUITests;
			packageProductDependencies = (
			);
			productName = EnterpriseAppUITests;
			productReference = A7649A892F17BC7500305512 /* EnterpriseAppUITests.xctest */;
			productType = "com.apple.product-type.bundle.ui-testing";
		};
/* End PBXNativeTarget section */

/* Begin PBXProject section */
		A7649A612F17BC7400305512 /* Project object */ = {
			isa = PBXProject;
			attributes = {
				BuildIndependentTargetsInParallel = 1;
				LastSwiftUpdateCheck = 1600;
				LastUpgradeCheck = 1600;
				TargetAttributes = {
					A7649A682F17BC7400305512 = {
						CreatedOnToolsVersion = 16.0;
					};
					A7649A7E2F17BC7500305512 = {
						CreatedOnToolsVersion = 16.0;
						TestTargetID = A7649A682F17BC7400305512;
					};
					A7649A882F17BC7500305512 = {
						CreatedOnToolsVersion = 16.0;
						TestTargetID = A7649A682F17BC7400305512;
					};
				};
			};
			buildConfigurationList = A7649A642F17BC7400305512 /* Build configuration list for PBXProject "EnterpriseApp" */;
			developmentRegion = en;
			hasScannedForEncodings = 0;
			knownRegions = (
				en,
				Base,
			);
			mainGroup = A7649A602F17BC7400305512;
			minimizedProjectReferenceProxies = 1;
			packageReferences = (
				A70551C12F19004E00A45A21 /* XCLocalSwiftPackageReference "Packages/CoreNetworking" */,
				A72207DA2F238294006B67B6 /* XCLocalSwiftPackageReference "Packages/FeatureAuthentication" */,
			);
			preferredProjectObjectVersion = 77;
			productRefGroup = A7649A6A2F17BC7400305512 /* Products */;
			projectDirPath = "";
			projectRoot = "";
			targets = (
				A7649A682F17BC7400305512 /* EnterpriseApp */,
				A7649A7E2F17BC7500305512 /* EnterpriseAppTests */,
				A7649A882F17BC7500305512 /* EnterpriseAppUITests */,
			);
		};
/* End PBXProject section */

/* Begin PBXResourcesBuildPhase section */
		A7649A672F17BC7400305512 /* Resources */ = {
			isa = PBXResourcesBuildPhase;
			buildActionMask = 2147483647;
			files = (
			);
			runOnlyForDeploymentPostprocessing = 0;
		};
		A7649A7D2F17BC7500305512 /* Resources */ = {
			isa = PBXResourcesBuildPhase;
			buildActionMask = 2147483647;
			files = (
			);
			runOnlyForDeploymentPostprocessing = 0;
		};
		A7649A872F17BC7500305512 /* Resources */ = {
			isa = PBXResourcesBuildPhase;
			buildActionMask = 2147483647;
			files = (
			);
			runOnlyForDeploymentPostprocessing = 0;
		};
/* End PBXResourcesBuildPhase section */

/* Begin PBXSourcesBuildPhase section */
		A7649A652F17BC7400305512 /* Sources */ = {
			isa = PBXSourcesBuildPhase;
			buildActionMask = 2147483647;
			files = (
			);
			runOnlyForDeploymentPostprocessing = 0;
		};
		A7649A7B2F17BC7500305512 /* Sources */ = {
			isa = PBXSourcesBuildPhase;
			buildActionMask = 2147483647;
			files = (
			);
			runOnlyForDeploymentPostprocessing = 0;
		};
		A7649A852F17BC7500305512 /* Sources */ = {
			isa = PBXSourcesBuildPhase;
			buildActionMask = 2147483647;
			files = (
			);
			runOnlyForDeploymentPostprocessing = 0;
		};
/* End PBXSourcesBuildPhase section */

/* Begin PBXTargetDependency section */
		A7649A812F17BC7500305512 /* PBXTargetDependency */ = {
			isa = PBXTargetDependency;
			target = A7649A682F17BC7400305512 /* EnterpriseApp */;
			targetProxy = A7649A802F17BC7500305512 /* PBXContainerItemProxy */;
		};
		A7649A8B2F17BC7500305512 /* PBXTargetDependency */ = {
			isa = PBXTargetDependency;
			target = A7649A682F17BC7400305512 /* EnterpriseApp */;
			targetProxy = A7649A8A2F17BC7500305512 /* PBXContainerItemProxy */;
		};
/* End PBXTargetDependency section */

/* Begin XCBuildConfiguration section */
		A7649A932F17BC7500305512 /* Debug */ = {
			isa = XCBuildConfiguration;
			buildSettings = {
				ASSETCATALOG_COMPILER_APPICON_NAME = AppIcon;
				ASSETCATALOG_COMPILER_GLOBAL_ACCENT_COLOR_NAME = AccentColor;
				CODE_SIGN_STYLE = Automatic;
				CURRENT_PROJECT_VERSION = 1;
				GENERATE_INFOPLIST_FILE = YES;
				INFOPLIST_FILE = EnterpriseApp/Info.plist;
				INFOPLIST_KEY_UIApplicationSupportsIndirectInputEvents = YES;
				INFOPLIST_KEY_UILaunchStoryboardName = LaunchScreen;
				INFOPLIST_KEY_UIMainStoryboardFile = Main;
				INFOPLIST_KEY_UISupportedInterfaceOrientations_iPad = "UIInterfaceOrientationPortrait UIInterfaceOrientationPortraitUpsideDown UIInterfaceOrientationLandscapeLeft UIInterfaceOrientationLandscapeRight";
				INFOPLIST_KEY_UISupportedInterfaceOrientations_iPhone = "UIInterfaceOrientationPortrait UIInterfaceOrientationLandscapeLeft UIInterfaceOrientationLandscapeRight";
				LD_RUNPATH_SEARCH_PATHS = (
					"$(inherited)",
					"@executable_path/Frameworks",
				);
				MARKETING_VERSION = 1.0;
				PRODUCT_BUNDLE_IDENTIFIER = com.gokhantaymaz.ios.EnterpriseApp;
				PRODUCT_NAME = "$(TARGET_NAME)";
				SWIFT_EMIT_LOC_STRINGS = YES;
				SWIFT_VERSION = 5.0;
				TARGETED_DEVICE_FAMILY = "1,2";
			};
			name = Debug;
		};
		A7649A942F17BC7500305512 /* Release */ = {
			isa = XCBuildConfiguration;
			buildSettings = {
				ASSETCATALOG_COMPILER_APPICON_NAME = AppIcon;
				ASSETCATALOG_COMPILER_GLOBAL_ACCENT_COLOR_NAME = AccentColor;
				CODE_SIGN_STYLE = Automatic;
				CURRENT_PROJECT_VERSION = 1;
				GENERATE_INFOPLIST_FILE = YES;
				INFOPLIST_FILE = EnterpriseApp/Info.plist;
				INFOPLIST_KEY_UIApplicationSupportsIndirectInputEvents = YES;
				INFOPLIST_KEY_UILaunchStoryboardName = LaunchScreen;
				INFOPLIST_KEY_UIMainStoryboardFile = Main;
				INFOPLIST_KEY_UISupportedInterfaceOrientations_iPad = "UIInterfaceOrientationPortrait UIInterfaceOrientationPortraitUpsideDown UIInterfaceOrientationLandscapeLeft UIInterfaceOrientationLandscapeRight";
				INFOPLIST_KEY_UISupportedInterfaceOrientations_iPhone = "UIInterfaceOrientationPortrait UIInterfaceOrientationLandscapeLeft UIInterfaceOrientationLandscapeRight";
				LD_RUNPATH_SEARCH_PATHS = (
					"$(inherited)",
					"@executable_path/Frameworks",
				);
				MARKETING_VERSION = 1.0;
				PRODUCT_BUNDLE_IDENTIFIER = com.gokhantaymaz.ios.EnterpriseApp;
				PRODUCT_NAME = "$(TARGET_NAME)";
				SWIFT_EMIT_LOC_STRINGS = YES;
				SWIFT_VERSION = 5.0;
				TARGETED_DEVICE_FAMILY = "1,2";
			};
			name = Release;
		};
		A7649A952F17BC7500305512 /* Debug */ = {
			isa = XCBuildConfiguration;
			buildSettings = {
				ALWAYS_SEARCH_USER_PATHS = NO;
				ASSETCATALOG_COMPILER_GENERATE_SWIFT_ASSET_SYMBOL_EXTENSIONS = YES;
				CLANG_ANALYZER_NONNULL = YES;
				CLANG_ANALYZER_NUMBER_OBJECT_CONVERSION = YES_AGGRESSIVE;
				CLANG_CXX_LANGUAGE_STANDARD = "gnu++20";
				CLANG_ENABLE_MODULES = YES;
				CLANG_ENABLE_OBJC_ARC = YES;
				CLANG_ENABLE_OBJC_WEAK = YES;
				CLANG_WARN_BLOCK_CAPTURE_AUTORELEASING = YES;
				CLANG_WARN_BOOL_CONVERSION = YES;
				CLANG_WARN_COMMA = YES;
				CLANG_WARN_CONSTANT_CONVERSION = YES;
				CLANG_WARN_DEPRECATED_OBJC_IMPLEMENTATIONS = YES;
				CLANG_WARN_DIRECT_OBJC_ISA_USAGE = YES_ERROR;
				CLANG_WARN_DOCUMENTATION_COMMENTS = YES;
				CLANG_WARN_EMPTY_BODY = YES;
				CLANG_WARN_ENUM_CONVERSION = YES;
				CLANG_WARN_INFINITE_RECURSION = YES;
				CLANG_WARN_INT_CONVERSION = YES;
				CLANG_WARN_NON_LITERAL_NULL_CONVERSION = YES;
				CLANG_WARN_OBJC_IMPLICIT_RETAIN_SELF = YES;
				CLANG_WARN_OBJC_LITERAL_CONVERSION = YES;
				CLANG_WARN_OBJC_ROOT_CLASS = YES_ERROR;
				CLANG_WARN_QUOTED_INCLUDE_IN_FRAMEWORK_HEADER = YES;
				CLANG_WARN_RANGE_LOOP_ANALYSIS = YES;
				CLANG_WARN_STRICT_PROTOTYPES = YES;
				CLANG_WARN_SUSPICIOUS_MOVE = YES;
				CLANG_WARN_UNGUARDED_AVAILABILITY = YES_AGGRESSIVE;
				CLANG_WARN_UNREACHABLE_CODE = YES;
				CLANG_WARN__DUPLICATE_METHOD_MATCH = YES;
				COPY_PHASE_STRIP = NO;
				DEBUG_INFORMATION_FORMAT = dwarf;
				ENABLE_STRICT_OBJC_MSGSEND = YES;
				ENABLE_TESTABILITY = YES;
				ENABLE_USER_SCRIPT_SANDBOXING = YES;
				GCC_C_LANGUAGE_STANDARD = gnu17;
				GCC_DYNAMIC_NO_PIC = NO;
				GCC_NO_COMMON_BLOCKS = YES;
				GCC_OPTIMIZATION_LEVEL = 0;
				GCC_PREPROCESSOR_DEFINITIONS = (
					"DEBUG=1",
					"$(inherited)",
				);
				GCC_WARN_64_TO_32_BIT_CONVERSION = YES;
				GCC_WARN_ABOUT_RETURN_TYPE = YES_ERROR;
				GCC_WARN_UNDECLARED_SELECTOR = YES;
				GCC_WARN_UNINITIALIZED_AUTOS = YES_AGGRESSIVE;
				GCC_WARN_UNUSED_FUNCTION = YES;
				GCC_WARN_UNUSED_VARIABLE = YES;
				IPHONEOS_DEPLOYMENT_TARGET = 18.0;
				LOCALIZATION_PREFERS_STRING_CATALOGS = YES;
				MTL_ENABLE_DEBUG_INFO = INCLUDE_SOURCE;
				MTL_FAST_MATH = YES;
				ONLY_ACTIVE_ARCH = YES;
				SDKROOT = iphoneos;
				SWIFT_ACTIVE_COMPILATION_CONDITIONS = "DEBUG $(inherited)";
				SWIFT_OPTIMIZATION_LEVEL = "-Onone";
			};
			name = Debug;
		};
		A7649A962F17BC7500305512 /* Release */ = {
			isa = XCBuildConfiguration;
			buildSettings = {
				ALWAYS_SEARCH_USER_PATHS = NO;
				ASSETCATALOG_COMPILER_GENERATE_SWIFT_ASSET_SYMBOL_EXTENSIONS = YES;
				CLANG_ANALYZER_NONNULL = YES;
				CLANG_ANALYZER_NUMBER_OBJECT_CONVERSION = YES_AGGRESSIVE;
				CLANG_CXX_LANGUAGE_STANDARD = "gnu++20";
				CLANG_ENABLE_MODULES = YES;
				CLANG_ENABLE_OBJC_ARC = YES;
				CLANG_ENABLE_OBJC_WEAK = YES;
				CLANG_WARN_BLOCK_CAPTURE_AUTORELEASING = YES;
				CLANG_WARN_BOOL_CONVERSION = YES;
				CLANG_WARN_COMMA = YES;
				CLANG_WARN_CONSTANT_CONVERSION = YES;
				CLANG_WARN_DEPRECATED_OBJC_IMPLEMENTATIONS = YES;
				CLANG_WARN_DIRECT_OBJC_ISA_USAGE = YES_ERROR;
				CLANG_WARN_DOCUMENTATION_COMMENTS = YES;
				CLANG_WARN_EMPTY_BODY = YES;
				CLANG_WARN_ENUM_CONVERSION = YES;
				CLANG_WARN_INFINITE_RECURSION = YES;
				CLANG_WARN_INT_CONVERSION = YES;
				CLANG_WARN_NON_LITERAL_NULL_CONVERSION = YES;
				CLANG_WARN_OBJC_IMPLICIT_RETAIN_SELF = YES;
				CLANG_WARN_OBJC_LITERAL_CONVERSION = YES;
				CLANG_WARN_OBJC_ROOT_CLASS = YES_ERROR;
				CLANG_WARN_QUOTED_INCLUDE_IN_FRAMEWORK_HEADER = YES;
				CLANG_WARN_RANGE_LOOP_ANALYSIS = YES;
				CLANG_WARN_STRICT_PROTOTYPES = YES;
				CLANG_WARN_SUSPICIOUS_MOVE = YES;
				CLANG_WARN_UNGUARDED_AVAILABILITY = YES_AGGRESSIVE;
				CLANG_WARN_UNREACHABLE_CODE = YES;
				CLANG_WARN__DUPLICATE_METHOD_MATCH = YES;
				COPY_PHASE_STRIP = NO;
				DEBUG_INFORMATION_FORMAT = "dwarf-with-dsym";
				ENABLE_NS_ASSERTIONS = NO;
				ENABLE_STRICT_OBJC_MSGSEND = YES;
				ENABLE_USER_SCRIPT_SANDBOXING = YES;
				GCC_C_LANGUAGE_STANDARD = gnu17;
				GCC_NO_COMMON_BLOCKS = YES;
				GCC_WARN_64_TO_32_BIT_CONVERSION = YES;
				GCC_WARN_ABOUT_RETURN_TYPE = YES_ERROR;
				GCC_WARN_UNDECLARED_SELECTOR = YES;
				GCC_WARN_UNINITIALIZED_AUTOS = YES_AGGRESSIVE;
				GCC_WARN_UNUSED_FUNCTION = YES;
				GCC_WARN_UNUSED_VARIABLE = YES;
				IPHONEOS_DEPLOYMENT_TARGET = 18.0;
				LOCALIZATION_PREFERS_STRING_CATALOGS = YES;
				MTL_ENABLE_DEBUG_INFO = NO;
				MTL_FAST_MATH = YES;
				SDKROOT = iphoneos;
				SWIFT_COMPILATION_MODE = wholemodule;
				VALIDATE_PRODUCT = YES;
			};
			name = Release;
		};
		A7649A982F17BC7500305512 /* Debug */ = {
			isa = XCBuildConfiguration;
			buildSettings = {
				BUNDLE_LOADER = "$(TEST_HOST)";
				CODE_SIGN_STYLE = Automatic;
				CURRENT_PROJECT_VERSION = 1;
				GENERATE_INFOPLIST_FILE = YES;
				IPHONEOS_DEPLOYMENT_TARGET = 18.0;
				MARKETING_VERSION = 1.0;
				PRODUCT_BUNDLE_IDENTIFIER = com.gokhantaymaz.ios.EnterpriseAppTests;
				PRODUCT_NAME = "$(TARGET_NAME)";
				SWIFT_EMIT_LOC_STRINGS = NO;
				SWIFT_VERSION = 5.0;
				TARGETED_DEVICE_FAMILY = "1,2";
				TEST_HOST = "$(BUILT_PRODUCTS_DIR)/EnterpriseApp.app/$(BUNDLE_EXECUTABLE_FOLDER_PATH)/EnterpriseApp";
			};
			name = Debug;
		};
		A7649A992F17BC7500305512 /* Release */ = {
			isa = XCBuildConfiguration;
			buildSettings = {
				BUNDLE_LOADER = "$(TEST_HOST)";
				CODE_SIGN_STYLE = Automatic;
				CURRENT_PROJECT_VERSION = 1;
				GENERATE_INFOPLIST_FILE = YES;
				IPHONEOS_DEPLOYMENT_TARGET = 18.0;
				MARKETING_VERSION = 1.0;
				PRODUCT_BUNDLE_IDENTIFIER = com.gokhantaymaz.ios.EnterpriseAppTests;
				PRODUCT_NAME = "$(TARGET_NAME)";
				SWIFT_EMIT_LOC_STRINGS = NO;
				SWIFT_VERSION = 5.0;
				TARGETED_DEVICE_FAMILY = "1,2";
				TEST_HOST = "$(BUILT_PRODUCTS_DIR)/EnterpriseApp.app/$(BUNDLE_EXECUTABLE_FOLDER_PATH)/EnterpriseApp";
			};
			name = Release;
		};
		A7649A9B2F17BC7500305512 /* Debug */ = {
			isa = XCBuildConfiguration;
			buildSettings = {
				CODE_SIGN_STYLE = Automatic;
				CURRENT_PROJECT_VERSION = 1;
				GENERATE_INFOPLIST_FILE = YES;
				MARKETING_VERSION = 1.0;
				PRODUCT_BUNDLE_IDENTIFIER = com.gokhantaymaz.ios.EnterpriseAppUITests;
				PRODUCT_NAME = "$(TARGET_NAME)";
				SWIFT_EMIT_LOC_STRINGS = NO;
				SWIFT_VERSION = 5.0;
				TARGETED_DEVICE_FAMILY = "1,2";
				TEST_TARGET_NAME = EnterpriseApp;
			};
			name = Debug;
		};
		A7649A9C2F17BC7500305512 /* Release */ = {
			isa = XCBuildConfiguration;
			buildSettings = {
				CODE_SIGN_STYLE = Automatic;
				CURRENT_PROJECT_VERSION = 1;
				GENERATE_INFOPLIST_FILE = YES;
				MARKETING_VERSION = 1.0;
				PRODUCT_BUNDLE_IDENTIFIER = com.gokhantaymaz.ios.EnterpriseAppUITests;
				PRODUCT_NAME = "$(TARGET_NAME)";
				SWIFT_EMIT_LOC_STRINGS = NO;
				SWIFT_VERSION = 5.0;
				TARGETED_DEVICE_FAMILY = "1,2";
				TEST_TARGET_NAME = EnterpriseApp;
			};
			name = Release;
		};
/* End XCBuildConfiguration section */

/* Begin XCConfigurationList section */
		A7649A642F17BC7400305512 /* Build configuration list for PBXProject "EnterpriseApp" */ = {
			isa = XCConfigurationList;
			buildConfigurations = (
				A7649A952F17BC7500305512 /* Debug */,
				A7649A962F17BC7500305512 /* Release */,
			);
			defaultConfigurationIsVisible = 0;
			defaultConfigurationName = Release;
		};
		A7649A922F17BC7500305512 /* Build configuration list for PBXNativeTarget "EnterpriseApp" */ = {
			isa = XCConfigurationList;
			buildConfigurations = (
				A7649A932F17BC7500305512 /* Debug */,
				A7649A942F17BC7500305512 /* Release */,
			);
			defaultConfigurationIsVisible = 0;
			defaultConfigurationName = Release;
		};
		A7649A972F17BC7500305512 /* Build configuration list for PBXNativeTarget "EnterpriseAppTests" */ = {
			isa = XCConfigurationList;
			buildConfigurations = (
				A7649A982F17BC7500305512 /* Debug */,
				A7649A992F17BC7500305512 /* Release */,
			);
			defaultConfigurationIsVisible = 0;
			defaultConfigurationName = Release;
		};
		A7649A9A2F17BC7500305512 /* Build configuration list for PBXNativeTarget "EnterpriseAppUITests" */ = {
			isa = XCConfigurationList;
			buildConfigurations = (
				A7649A9B2F17BC7500305512 /* Debug */,
				A7649A9C2F17BC7500305512 /* Release */,
			);
			defaultConfigurationIsVisible = 0;
			defaultConfigurationName = Release;
		};
/* End XCConfigurationList section */

/* Begin XCLocalSwiftPackageReference section */
		A70551C12F19004E00A45A21 /* XCLocalSwiftPackageReference "Packages/CoreNetworking" */ = {
			isa = XCLocalSwiftPackageReference;
			relativePath = Packages/CoreNetworking;
		};
		A72207DA2F238294006B67B6 /* XCLocalSwiftPackageReference "Packages/FeatureAuthentication" */ = {
			isa = XCLocalSwiftPackageReference;
			relativePath = Packages/FeatureAuthentication;
		};
/* End XCLocalSwiftPackageReference section */

/* Begin XCSwiftPackageProductDependency section */
		A70551C22F19004E00A45A21 /* CoreNetworking */ = {
			isa = XCSwiftPackageProductDependency;
			productName = CoreNetworking;
		};
		A72207DB2F238294006B67B6 /* FeatureAuthentication */ = {
			isa = XCSwiftPackageProductDependency;
			productName = FeatureAuthentication;
		};
/* End XCSwiftPackageProductDependency section */
	};
	rootObject = A7649A612F17BC7400305512 /* Project object */;
}
